// !$*UTF8*$!
{
	archiveVersion = 1;
	classes = {
	};
	objectVersion = 56;
	objects = {

/* Begin PBXBuildFile section */
		3D00B6CC29B6AD2B00759E87 /* AppDelegate.swift in Sources */ = {isa = PBXBuildFile; fileRef = 3D00B6CB29B6AD2B00759E87 /* AppDelegate.swift */; };
		3D00B6CE29B6AD2B00759E87 /* SceneDelegate.swift in Sources */ = {isa = PBXBuildFile; fileRef = 3D00B6CD29B6AD2B00759E87 /* SceneDelegate.swift */; };
		3D00B6D029B6AD2B00759E87 /* ReminderListViewController.swift in Sources */ = {isa = PBXBuildFile; fileRef = 3D00B6CF29B6AD2B00759E87 /* ReminderListViewController.swift */; };
		3D00B6D329B6AD2B00759E87 /* Main.storyboard in Resources */ = {isa = PBXBuildFile; fileRef = 3D00B6D129B6AD2B00759E87 /* Main.storyboard */; };
		3D00B6D829B6AD2C00759E87 /* LaunchScreen.storyboard in Resources */ = {isa = PBXBuildFile; fileRef = 3D00B6D629B6AD2C00759E87 /* LaunchScreen.storyboard */; };
		3D00B6E129B6AE3000759E87 /* Reminder.swift in Sources */ = {isa = PBXBuildFile; fileRef = 3D00B6E029B6AE3000759E87 /* Reminder.swift */; };
		3D00B6E329BA904800759E87 /* Date+Today.swift in Sources */ = {isa = PBXBuildFile; fileRef = 3D00B6E229BA904800759E87 /* Date+Today.swift */; };
		3D00B6E729BA934E00759E87 /* ReminderListViewController+DataSource.swift in Sources */ = {isa = PBXBuildFile; fileRef = 3D00B6E629BA934E00759E87 /* ReminderListViewController+DataSource.swift */; };
		3D00B6E929BAA23B00759E87 /* Assets.xcassets in Resources */ = {isa = PBXBuildFile; fileRef = 3D00B6E829BAA23B00759E87 /* Assets.xcassets */; };
		3D00B6EB29BAA3CB00759E87 /* UIColor+Today.swift in Sources */ = {isa = PBXBuildFile; fileRef = 3D00B6EA29BAA3CB00759E87 /* UIColor+Today.swift */; };
		3D00B6ED29BBA11D00759E87 /* ReminderDoneButton.swift in Sources */ = {isa = PBXBuildFile; fileRef = 3D00B6EC29BBA11D00759E87 /* ReminderDoneButton.swift */; };
		3D00B6F029BBA1D500759E87 /* ReminderListViewController+Actions.swift in Sources */ = {isa = PBXBuildFile; fileRef = 3D00B6EF29BBA1D500759E87 /* ReminderListViewController+Actions.swift */; };
		3D00B6F229BBA71700759E87 /* ReminderViewController.swift in Sources */ = {isa = PBXBuildFile; fileRef = 3D00B6F129BBA71700759E87 /* ReminderViewController.swift */; };
		3D00B6F529BBB3E700759E87 /* ReminderViewController+Row.swift in Sources */ = {isa = PBXBuildFile; fileRef = 3D00B6F429BBB3E700759E87 /* ReminderViewController+Row.swift */; };
		3D00B6F729BBEC1A00759E87 /* ReminderViewController+Section.swift in Sources */ = {isa = PBXBuildFile; fileRef = 3D00B6F629BBEC1A00759E87 /* ReminderViewController+Section.swift */; };
		3D00B6F929BCD93800759E87 /* ReminderViewController+CellConfiguration.swift in Sources */ = {isa = PBXBuildFile; fileRef = 3D00B6F829BCD93800759E87 /* ReminderViewController+CellConfiguration.swift */; };
		3D00B6FC29BCDB1F00759E87 /* UIView+PinnedSubview.swift in Sources */ = {isa = PBXBuildFile; fileRef = 3D00B6FB29BCDB1F00759E87 /* UIView+PinnedSubview.swift */; };
		3D00B6FE29BCDC1600759E87 /* TextFieldContentView.swift in Sources */ = {isa = PBXBuildFile; fileRef = 3D00B6FD29BCDC1600759E87 /* TextFieldContentView.swift */; };
		3D00B70029BCDD2A00759E87 /* UIContentConfiguration+Stateless.swift in Sources */ = {isa = PBXBuildFile; fileRef = 3D00B6FF29BCDD2A00759E87 /* UIContentConfiguration+Stateless.swift */; };
		3D00B70229BCE0C300759E87 /* TextViewContentView.swift in Sources */ = {isa = PBXBuildFile; fileRef = 3D00B70129BCE0C300759E87 /* TextViewContentView.swift */; };
		3D00B70429BCE15B00759E87 /* DatePickerContentView.swift in Sources */ = {isa = PBXBuildFile; fileRef = 3D00B70329BCE15B00759E87 /* DatePickerContentView.swift */; };
		3D00B70629BD66E800759E87 /* ReminderListStyle.swift in Sources */ = {isa = PBXBuildFile; fileRef = 3D00B70529BD66E800759E87 /* ReminderListStyle.swift */; };
		3D00B70829BE831A00759E87 /* ProgressHeaderView.swift in Sources */ = {isa = PBXBuildFile; fileRef = 3D00B70729BE831A00759E87 /* ProgressHeaderView.swift */; };
		3D00B70A29BE896500759E87 /* CAGradientLayer+ListStyle.swift in Sources */ = {isa = PBXBuildFile; fileRef = 3D00B70929BE896500759E87 /* CAGradientLayer+ListStyle.swift */; };
		3D00B70C29BE8F4B00759E87 /* TodayError.swift in Sources */ = {isa = PBXBuildFile; fileRef = 3D00B70B29BE8F4B00759E87 /* TodayError.swift */; };
		3D00B70E29BE8F9800759E87 /* EKEventStore+AsyncFetch.swift in Sources */ = {isa = PBXBuildFile; fileRef = 3D00B70D29BE8F9800759E87 /* EKEventStore+AsyncFetch.swift */; };
		3D00B71029BE905A00759E87 /* Reminder+EKReminder.swift in Sources */ = {isa = PBXBuildFile; fileRef = 3D00B70F29BE905A00759E87 /* Reminder+EKReminder.swift */; };
		3D00B71229BE90D400759E87 /* ReminderStore.swift in Sources */ = {isa = PBXBuildFile; fileRef = 3D00B71129BE90D400759E87 /* ReminderStore.swift */; };
		3D00B71429C2874100759E87 /* EKReminder+Reminder.swift in Sources */ = {isa = PBXBuildFile; fileRef = 3D00B71329C2874100759E87 /* EKReminder+Reminder.swift */; };
		3D737E422ADD9C4C00EC1BC4 /* README.md in Resources */ = {isa = PBXBuildFile; fileRef = 3D737E412ADD9C4C00EC1BC4 /* README.md */; };
/* End PBXBuildFile section */

/* Begin PBXFileReference section */
		3D00B6C829B6AD2B00759E87 /* Today.app */ = {isa = PBXFileReference; explicitFileType = wrapper.application; includeInIndex = 0; path = Today.app; sourceTree = BUILT_PRODUCTS_DIR; };
		3D00B6CB29B6AD2B00759E87 /* AppDelegate.swift */ = {isa = PBXFileReference; lastKnownFileType = sourcecode.swift; path = AppDelegate.swift; sourceTree = "<group>"; };
		3D00B6CD29B6AD2B00759E87 /* SceneDelegate.swift */ = {isa = PBXFileReference; lastKnownFileType = sourcecode.swift; path = SceneDelegate.swift; sourceTree = "<group>"; };
		3D00B6CF29B6AD2B00759E87 /* ReminderListViewController.swift */ = {isa = PBXFileReference; lastKnownFileType = sourcecode.swift; path = ReminderListViewController.swift; sourceTree = "<group>"; };
		3D00B6D229B6AD2B00759E87 /* Base */ = {isa = PBXFileReference; lastKnownFileType = file.storyboard; name = Base; path = Base.lproj/Main.storyboard; sourceTree = "<group>"; };
		3D00B6D729B6AD2C00759E87 /* Base */ = {isa = PBXFileReference; lastKnownFileType = file.storyboard; name = Base; path = Base.lproj/LaunchScreen.storyboard; sourceTree = "<group>"; };
		3D00B6D929B6AD2C00759E87 /* Info.plist */ = {isa = PBXFileReference; lastKnownFileType = text.plist.xml; path = Info.plist; sourceTree = "<group>"; };
		3D00B6E029B6AE3000759E87 /* Reminder.swift */ = {isa = PBXFileReference; lastKnownFileType = sourcecode.swift; path = Reminder.swift; sourceTree = "<group>"; };
		3D00B6E229BA904800759E87 /* Date+Today.swift */ = {isa = PBXFileReference; lastKnownFileType = sourcecode.swift; path = "Date+Today.swift"; sourceTree = "<group>"; };
		3D00B6E629BA934E00759E87 /* ReminderListViewController+DataSource.swift */ = {isa = PBXFileReference; lastKnownFileType = sourcecode.swift; path = "ReminderListViewController+DataSource.swift"; sourceTree = "<group>"; };
		3D00B6E829BAA23B00759E87 /* Assets.xcassets */ = {isa = PBXFileReference; lastKnownFileType = folder.assetcatalog; path = Assets.xcassets; sourceTree = "<group>"; };
		3D00B6EA29BAA3CB00759E87 /* UIColor+Today.swift */ = {isa = PBXFileReference; lastKnownFileType = sourcecode.swift; path = "UIColor+Today.swift"; sourceTree = "<group>"; };
		3D00B6EC29BBA11D00759E87 /* ReminderDoneButton.swift */ = {isa = PBXFileReference; lastKnownFileType = sourcecode.swift; path = ReminderDoneButton.swift; sourceTree = "<group>"; };
		3D00B6EF29BBA1D500759E87 /* ReminderListViewController+Actions.swift */ = {isa = PBXFileReference; lastKnownFileType = sourcecode.swift; path = "ReminderListViewController+Actions.swift"; sourceTree = "<group>"; };
		3D00B6F129BBA71700759E87 /* ReminderViewController.swift */ = {isa = PBXFileReference; lastKnownFileType = sourcecode.swift; path = ReminderViewController.swift; sourceTree = "<group>"; };
		3D00B6F429BBB3E700759E87 /* ReminderViewController+Row.swift */ = {isa = PBXFileReference; lastKnownFileType = sourcecode.swift; path = "ReminderViewController+Row.swift"; sourceTree = "<group>"; };
		3D00B6F629BBEC1A00759E87 /* ReminderViewController+Section.swift */ = {isa = PBXFileReference; lastKnownFileType = sourcecode.swift; path = "ReminderViewController+Section.swift"; sourceTree = "<group>"; };
		3D00B6F829BCD93800759E87 /* ReminderViewController+CellConfiguration.swift */ = {isa = PBXFileReference; lastKnownFileType = sourcecode.swift; path = "ReminderViewController+CellConfiguration.swift"; sourceTree = "<group>"; };
		3D00B6FB29BCDB1F00759E87 /* UIView+PinnedSubview.swift */ = {isa = PBXFileReference; lastKnownFileType = sourcecode.swift; path = "UIView+PinnedSubview.swift"; sourceTree = "<group>"; };
		3D00B6FD29BCDC1600759E87 /* TextFieldContentView.swift */ = {isa = PBXFileReference; lastKnownFileType = sourcecode.swift; path = TextFieldContentView.swift; sourceTree = "<group>"; };
		3D00B6FF29BCDD2A00759E87 /* UIContentConfiguration+Stateless.swift */ = {isa = PBXFileReference; lastKnownFileType = sourcecode.swift; path = "UIContentConfiguration+Stateless.swift"; sourceTree = "<group>"; };
		3D00B70129BCE0C300759E87 /* TextViewContentView.swift */ = {isa = PBXFileReference; lastKnownFileType = sourcecode.swift; path = TextViewContentView.swift; sourceTree = "<group>"; };
		3D00B70329BCE15B00759E87 /* DatePickerContentView.swift */ = {isa = PBXFileReference; lastKnownFileType = sourcecode.swift; path = DatePickerContentView.swift; sourceTree = "<group>"; };
		3D00B70529BD66E800759E87 /* ReminderListStyle.swift */ = {isa = PBXFileReference; lastKnownFileType = sourcecode.swift; path = ReminderListStyle.swift; sourceTree = "<group>"; };
		3D00B70729BE831A00759E87 /* ProgressHeaderView.swift */ = {isa = PBXFileReference; lastKnownFileType = sourcecode.swift; path = ProgressHeaderView.swift; sourceTree = "<group>"; };
		3D00B70929BE896500759E87 /* CAGradientLayer+ListStyle.swift */ = {isa = PBXFileReference; lastKnownFileType = sourcecode.swift; path = "CAGradientLayer+ListStyle.swift"; sourceTree = "<group>"; };
		3D00B70B29BE8F4B00759E87 /* TodayError.swift */ = {isa = PBXFileReference; lastKnownFileType = sourcecode.swift; path = TodayError.swift; sourceTree = "<group>"; };
		3D00B70D29BE8F9800759E87 /* EKEventStore+AsyncFetch.swift */ = {isa = PBXFileReference; lastKnownFileType = sourcecode.swift; path = "EKEventStore+AsyncFetch.swift"; sourceTree = "<group>"; };
		3D00B70F29BE905A00759E87 /* Reminder+EKReminder.swift */ = {isa = PBXFileReference; lastKnownFileType = sourcecode.swift; path = "Reminder+EKReminder.swift"; sourceTree = "<group>"; };
		3D00B71129BE90D400759E87 /* ReminderStore.swift */ = {isa = PBXFileReference; lastKnownFileType = sourcecode.swift; path = ReminderStore.swift; sourceTree = "<group>"; };
		3D00B71329C2874100759E87 /* EKReminder+Reminder.swift */ = {isa = PBXFileReference; lastKnownFileType = sourcecode.swift; path = "EKReminder+Reminder.swift"; sourceTree = "<group>"; };
		3D737E412ADD9C4C00EC1BC4 /* README.md */ = {isa = PBXFileReference; lastKnownFileType = net.daringfireball.markdown; path = README.md; sourceTree = "<group>"; };
/* End PBXFileReference section */

/* Begin PBXFrameworksBuildPhase section */
		3D00B6C529B6AD2B00759E87 /* Frameworks */ = {
			isa = PBXFrameworksBuildPhase;
			buildActionMask = 2147483647;
			files = (
			);
			runOnlyForDeploymentPostprocessing = 0;
		};
/* End PBXFrameworksBuildPhase section */

/* Begin PBXGroup section */
		3D00B6BF29B6AD2B00759E87 = {
			isa = PBXGroup;
			children = (
				3D00B6CA29B6AD2B00759E87 /* Today */,
				3D00B6C929B6AD2B00759E87 /* Products */,
			);
			sourceTree = "<group>";
		};
		3D00B6C929B6AD2B00759E87 /* Products */ = {
			isa = PBXGroup;
			children = (
				3D00B6C829B6AD2B00759E87 /* Today.app */,
			);
			name = Products;
			sourceTree = "<group>";
		};
		3D00B6CA29B6AD2B00759E87 /* Today */ = {
			isa = PBXGroup;
			children = (
				3D00B6DF29B6AE1F00759E87 /* Models */,
				3D00B6CB29B6AD2B00759E87 /* AppDelegate.swift */,
				3D00B6CD29B6AD2B00759E87 /* SceneDelegate.swift */,
				3D00B6FA29BCDAE900759E87 /* ContentViews */,
				3D00B6E529BA931F00759E87 /* ListViewController */,
				3D00B6F329BBB3D000759E87 /* DetailViewController */,
				3D00B6D129B6AD2B00759E87 /* Main.storyboard */,
				3D00B6D629B6AD2C00759E87 /* LaunchScreen.storyboard */,
				3D00B6D929B6AD2C00759E87 /* Info.plist */,
				3D00B6E829BAA23B00759E87 /* Assets.xcassets */,
				3D737E412ADD9C4C00EC1BC4 /* README.md */,
			);
			path = Today;
			sourceTree = "<group>";
		};
		3D00B6DF29B6AE1F00759E87 /* Models */ = {
			isa = PBXGroup;
			children = (
				3D00B6E029B6AE3000759E87 /* Reminder.swift */,
				3D00B70529BD66E800759E87 /* ReminderListStyle.swift */,
				3D00B71129BE90D400759E87 /* ReminderStore.swift */,
				3D00B70B29BE8F4B00759E87 /* TodayError.swift */,
				3D00B6EA29BAA3CB00759E87 /* UIColor+Today.swift */,
				3D00B6E229BA904800759E87 /* Date+Today.swift */,
				3D00B70929BE896500759E87 /* CAGradientLayer+ListStyle.swift */,
				3D00B70D29BE8F9800759E87 /* EKEventStore+AsyncFetch.swift */,
				3D00B70F29BE905A00759E87 /* Reminder+EKReminder.swift */,
				3D00B71329C2874100759E87 /* EKReminder+Reminder.swift */,
			);
			path = Models;
			sourceTree = "<group>";
		};
		3D00B6E529BA931F00759E87 /* ListViewController */ = {
			isa = PBXGroup;
			children = (
				3D00B6CF29B6AD2B00759E87 /* ReminderListViewController.swift */,
				3D00B6E629BA934E00759E87 /* ReminderListViewController+DataSource.swift */,
				3D00B6EC29BBA11D00759E87 /* ReminderDoneButton.swift */,
				3D00B6EF29BBA1D500759E87 /* ReminderListViewController+Actions.swift */,
				3D00B70729BE831A00759E87 /* ProgressHeaderView.swift */,
			);
			path = ListViewController;
			sourceTree = "<group>";
		};
		3D00B6F329BBB3D000759E87 /* DetailViewController */ = {
			isa = PBXGroup;
			children = (
				3D00B6F129BBA71700759E87 /* ReminderViewController.swift */,
				3D00B6F429BBB3E700759E87 /* ReminderViewController+Row.swift */,
				3D00B6F629BBEC1A00759E87 /* ReminderViewController+Section.swift */,
				3D00B6F829BCD93800759E87 /* ReminderViewController+CellConfiguration.swift */,
			);
			path = DetailViewController;
			sourceTree = "<group>";
		};
		3D00B6FA29BCDAE900759E87 /* ContentViews */ = {
			isa = PBXGroup;
			children = (
				3D00B6FD29BCDC1600759E87 /* TextFieldContentView.swift */,
				3D00B70129BCE0C300759E87 /* TextViewContentView.swift */,
				3D00B6FB29BCDB1F00759E87 /* UIView+PinnedSubview.swift */,
				3D00B6FF29BCDD2A00759E87 /* UIContentConfiguration+Stateless.swift */,
				3D00B70329BCE15B00759E87 /* DatePickerContentView.swift */,
			);
			path = ContentViews;
			sourceTree = "<group>";
		};
/* End PBXGroup section */

/* Begin PBXNativeTarget section */
		3D00B6C729B6AD2B00759E87 /* Today */ = {
			isa = PBXNativeTarget;
			buildConfigurationList = 3D00B6DC29B6AD2C00759E87 /* Build configuration list for PBXNativeTarget "Today" */;
			buildPhases = (
				3D00B6C429B6AD2B00759E87 /* Sources */,
				3D00B6C529B6AD2B00759E87 /* Frameworks */,
				3D00B6C629B6AD2B00759E87 /* Resources */,
			);
			buildRules = (
			);
			dependencies = (
			);
			name = Today;
			productName = Today;
			productReference = 3D00B6C829B6AD2B00759E87 /* Today.app */;
			productType = "com.apple.product-type.application";
		};
/* End PBXNativeTarget section */

/* Begin PBXProject section */
		3D00B6C029B6AD2B00759E87 /* Project object */ = {
			isa = PBXProject;
			attributes = {
				BuildIndependentTargetsInParallel = 1;
				LastSwiftUpdateCheck = 1420;
				LastUpgradeCheck = 1420;
				TargetAttributes = {
					3D00B6C729B6AD2B00759E87 = {
						CreatedOnToolsVersion = 14.2;
					};
				};
			};
			buildConfigurationList = 3D00B6C329B6AD2B00759E87 /* Build configuration list for PBXProject "Today" */;
			compatibilityVersion = "Xcode 14.0";
			developmentRegion = en;
			hasScannedForEncodings = 0;
			knownRegions = (
				en,
				Base,
			);
			mainGroup = 3D00B6BF29B6AD2B00759E87;
			productRefGroup = 3D00B6C929B6AD2B00759E87 /* Products */;
			projectDirPath = "";
			projectRoot = "";
			targets = (
				3D00B6C729B6AD2B00759E87 /* Today */,
			);
		};
/* End PBXProject section */

/* Begin PBXResourcesBuildPhase section */
		3D00B6C629B6AD2B00759E87 /* Resources */ = {
			isa = PBXResourcesBuildPhase;
			buildActionMask = 2147483647;
			files = (
				3D00B6D829B6AD2C00759E87 /* LaunchScreen.storyboard in Resources */,
				3D00B6E929BAA23B00759E87 /* Assets.xcassets in Resources */,
				3D737E422ADD9C4C00EC1BC4 /* README.md in Resources */,
				3D00B6D329B6AD2B00759E87 /* Main.storyboard in Resources */,
			);
			runOnlyForDeploymentPostprocessing = 0;
		};
/* End PBXResourcesBuildPhase section */

/* Begin PBXSourcesBuildPhase section */
		3D00B6C429B6AD2B00759E87 /* Sources */ = {
			isa = PBXSourcesBuildPhase;
			buildActionMask = 2147483647;
			files = (
				3D00B70829BE831A00759E87 /* ProgressHeaderView.swift in Sources */,
				3D00B6FC29BCDB1F00759E87 /* UIView+PinnedSubview.swift in Sources */,
				3D00B6F729BBEC1A00759E87 /* ReminderViewController+Section.swift in Sources */,
				3D00B70429BCE15B00759E87 /* DatePickerContentView.swift in Sources */,
				3D00B6EB29BAA3CB00759E87 /* UIColor+Today.swift in Sources */,
				3D00B6F029BBA1D500759E87 /* ReminderListViewController+Actions.swift in Sources */,
				3D00B70C29BE8F4B00759E87 /* TodayError.swift in Sources */,
				3D00B6F229BBA71700759E87 /* ReminderViewController.swift in Sources */,
				3D00B70629BD66E800759E87 /* ReminderListStyle.swift in Sources */,
				3D00B70029BCDD2A00759E87 /* UIContentConfiguration+Stateless.swift in Sources */,
				3D00B6D029B6AD2B00759E87 /* ReminderListViewController.swift in Sources */,
				3D00B6E329BA904800759E87 /* Date+Today.swift in Sources */,
				3D00B6FE29BCDC1600759E87 /* TextFieldContentView.swift in Sources */,
				3D00B70229BCE0C300759E87 /* TextViewContentView.swift in Sources */,
				3D00B6F529BBB3E700759E87 /* ReminderViewController+Row.swift in Sources */,
				3D00B6ED29BBA11D00759E87 /* ReminderDoneButton.swift in Sources */,
				3D00B6CC29B6AD2B00759E87 /* AppDelegate.swift in Sources */,
				3D00B6F929BCD93800759E87 /* ReminderViewController+CellConfiguration.swift in Sources */,
				3D00B6CE29B6AD2B00759E87 /* SceneDelegate.swift in Sources */,
				3D00B71029BE905A00759E87 /* Reminder+EKReminder.swift in Sources */,
				3D00B70E29BE8F9800759E87 /* EKEventStore+AsyncFetch.swift in Sources */,
				3D00B6E129B6AE3000759E87 /* Reminder.swift in Sources */,
				3D00B70A29BE896500759E87 /* CAGradientLayer+ListStyle.swift in Sources */,
				3D00B6E729BA934E00759E87 /* ReminderListViewController+DataSource.swift in Sources */,
				3D00B71229BE90D400759E87 /* ReminderStore.swift in Sources */,
				3D00B71429C2874100759E87 /* EKReminder+Reminder.swift in Sources */,
			);
			runOnlyForDeploymentPostprocessing = 0;
		};
/* End PBXSourcesBuildPhase section */

/* Begin PBXVariantGroup section */
		3D00B6D129B6AD2B00759E87 /* Main.storyboard */ = {
			isa = PBXVariantGroup;
			children = (
				3D00B6D229B6AD2B00759E87 /* Base */,
			);
			name = Main.storyboard;
			sourceTree = "<group>";
		};
		3D00B6D629B6AD2C00759E87 /* LaunchScreen.storyboard */ = {
			isa = PBXVariantGroup;
			children = (
				3D00B6D729B6AD2C00759E87 /* Base */,
			);
			name = LaunchScreen.storyboard;
			sourceTree = "<group>";
		};
/* End PBXVariantGroup section */

/* Begin XCBuildConfiguration section */
		3D00B6DA29B6AD2C00759E87 /* Debug */ = {
			isa = XCBuildConfiguration;
			buildSettings = {
				ALWAYS_SEARCH_USER_PATHS = NO;
				CLANG_ANALYZER_NONNULL = YES;
				CLANG_ANALYZER_NUMBER_OBJECT_CONVERSION = YES_AGGRESSIVE;
				CLANG_CXX_LANGUAGE_STANDARD = "gnu++20";
				CLANG_ENABLE_MODULES = YES;
				CLANG_ENABLE_OBJC_ARC = YES;
				CLANG_ENABLE_OBJC_WEAK = YES;
				CLANG_WARN_BLOCK_CAPTURE_AUTORELEASING = YES;
				CLANG_WARN_BOOL_CONVERSION = YES;
				CLANG_WARN_COMMA = YES;
				CLANG_WARN_CONSTANT_CONVERSION = YES;
				CLANG_WARN_DEPRECATED_OBJC_IMPLEMENTATIONS = YES;
				CLANG_WARN_DIRECT_OBJC_ISA_USAGE = YES_ERROR;
				CLANG_WARN_DOCUMENTATION_COMMENTS = YES;
				CLANG_WARN_EMPTY_BODY = YES;
				CLANG_WARN_ENUM_CONVERSION = YES;
				CLANG_WARN_INFINITE_RECURSION = YES;
				CLANG_WARN_INT_CONVERSION = YES;
				CLANG_WARN_NON_LITERAL_NULL_CONVERSION = YES;
				CLANG_WARN_OBJC_IMPLICIT_RETAIN_SELF = YES;
				CLANG_WARN_OBJC_LITERAL_CONVERSION = YES;
				CLANG_WARN_OBJC_ROOT_CLASS = YES_ERROR;
				CLANG_WARN_QUOTED_INCLUDE_IN_FRAMEWORK_HEADER = YES;
				CLANG_WARN_RANGE_LOOP_ANALYSIS = YES;
				CLANG_WARN_STRICT_PROTOTYPES = YES;
				CLANG_WARN_SUSPICIOUS_MOVE = YES;
				CLANG_WARN_UNGUARDED_AVAILABILITY = YES_AGGRESSIVE;
				CLANG_WARN_UNREACHABLE_CODE = YES;
				CLANG_WARN__DUPLICATE_METHOD_MATCH = YES;
				COPY_PHASE_STRIP = NO;
				DEBUG_INFORMATION_FORMAT = dwarf;
				ENABLE_STRICT_OBJC_MSGSEND = YES;
				ENABLE_TESTABILITY = YES;
				GCC_C_LANGUAGE_STANDARD = gnu11;
				GCC_DYNAMIC_NO_PIC = NO;
				GCC_NO_COMMON_BLOCKS = YES;
				GCC_OPTIMIZATION_LEVEL = 0;
				GCC_PREPROCESSOR_DEFINITIONS = (
					"DEBUG=1",
					"$(inherited)",
				);
				GCC_WARN_64_TO_32_BIT_CONVERSION = YES;
				GCC_WARN_ABOUT_RETURN_TYPE = YES_ERROR;
				GCC_WARN_UNDECLARED_SELECTOR = YES;
				GCC_WARN_UNINITIALIZED_AUTOS = YES_AGGRESSIVE;
				GCC_WARN_UNUSED_FUNCTION = YES;
				GCC_WARN_UNUSED_VARIABLE = YES;
				IPHONEOS_DEPLOYMENT_TARGET = 16.2;
				MTL_ENABLE_DEBUG_INFO = INCLUDE_SOURCE;
				MTL_FAST_MATH = YES;
				ONLY_ACTIVE_ARCH = YES;
				SDKROOT = iphoneos;
				SWIFT_ACTIVE_COMPILATION_CONDITIONS = DEBUG;
				SWIFT_OPTIMIZATION_LEVEL = "-Onone";
			};
			name = Debug;
		};
		3D00B6DB29B6AD2C00759E87 /* Release */ = {
			isa = XCBuildConfiguration;
			buildSettings = {
				ALWAYS_SEARCH_USER_PATHS = NO;
				CLANG_ANALYZER_NONNULL = YES;
				CLANG_ANALYZER_NUMBER_OBJECT_CONVERSION = YES_AGGRESSIVE;
				CLANG_CXX_LANGUAGE_STANDARD = "gnu++20";
				CLANG_ENABLE_MODULES = YES;
				CLANG_ENABLE_OBJC_ARC = YES;
				CLANG_ENABLE_OBJC_WEAK = YES;
				CLANG_WARN_BLOCK_CAPTURE_AUTORELEASING = YES;
				CLANG_WARN_BOOL_CONVERSION = YES;
				CLANG_WARN_COMMA = YES;
				CLANG_WARN_CONSTANT_CONVERSION = YES;
				CLANG_WARN_DEPRECATED_OBJC_IMPLEMENTATIONS = YES;
				CLANG_WARN_DIRECT_OBJC_ISA_USAGE = YES_ERROR;
				CLANG_WARN_DOCUMENTATION_COMMENTS = YES;
				CLANG_WARN_EMPTY_BODY = YES;
				CLANG_WARN_ENUM_CONVERSION = YES;
				CLANG_WARN_INFINITE_RECURSION = YES;
				CLANG_WARN_INT_CONVERSION = YES;
				CLANG_WARN_NON_LITERAL_NULL_CONVERSION = YES;
				CLANG_WARN_OBJC_IMPLICIT_RETAIN_SELF = YES;
				CLANG_WARN_OBJC_LITERAL_CONVERSION = YES;
				CLANG_WARN_OBJC_ROOT_CLASS = YES_ERROR;
				CLANG_WARN_QUOTED_INCLUDE_IN_FRAMEWORK_HEADER = YES;
				CLANG_WARN_RANGE_LOOP_ANALYSIS = YES;
				CLANG_WARN_STRICT_PROTOTYPES = YES;
				CLANG_WARN_SUSPICIOUS_MOVE = YES;
				CLANG_WARN_UNGUARDED_AVAILABILITY = YES_AGGRESSIVE;
				CLANG_WARN_UNREACHABLE_CODE = YES;
				CLANG_WARN__DUPLICATE_METHOD_MATCH = YES;
				COPY_PHASE_STRIP = NO;
				DEBUG_INFORMATION_FORMAT = "dwarf-with-dsym";
				ENABLE_NS_ASSERTIONS = NO;
				ENABLE_STRICT_OBJC_MSGSEND = YES;
				GCC_C_LANGUAGE_STANDARD = gnu11;
				GCC_NO_COMMON_BLOCKS = YES;
				GCC_WARN_64_TO_32_BIT_CONVERSION = YES;
				GCC_WARN_ABOUT_RETURN_TYPE = YES_ERROR;
				GCC_WARN_UNDECLARED_SELECTOR = YES;
				GCC_WARN_UNINITIALIZED_AUTOS = YES_AGGRESSIVE;
				GCC_WARN_UNUSED_FUNCTION = YES;
				GCC_WARN_UNUSED_VARIABLE = YES;
				IPHONEOS_DEPLOYMENT_TARGET = 16.2;
				MTL_ENABLE_DEBUG_INFO = NO;
				MTL_FAST_MATH = YES;
				SDKROOT = iphoneos;
				SWIFT_COMPILATION_MODE = wholemodule;
				SWIFT_OPTIMIZATION_LEVEL = "-O";
				VALIDATE_PRODUCT = YES;
			};
			name = Release;
		};
		3D00B6DD29B6AD2C00759E87 /* Debug */ = {
			isa = XCBuildConfiguration;
			buildSettings = {
				ASSETCATALOG_COMPILER_APPICON_NAME = AppIcon;
				ASSETCATALOG_COMPILER_GLOBAL_ACCENT_COLOR_NAME = AccentColor;
				CODE_SIGN_STYLE = Automatic;
				CURRENT_PROJECT_VERSION = 1;
				DEVELOPMENT_TEAM = A67CZ53MV4;
				GENERATE_INFOPLIST_FILE = YES;
				INFOPLIST_FILE = Today/Info.plist;
				INFOPLIST_KEY_NSRemindersUsageDescription = "Your reminders can help you stay on track.";
				INFOPLIST_KEY_UIApplicationSupportsIndirectInputEvents = YES;
				INFOPLIST_KEY_UILaunchStoryboardName = LaunchScreen;
				INFOPLIST_KEY_UIMainStoryboardFile = Main;
				INFOPLIST_KEY_UISupportedInterfaceOrientations_iPad = "UIInterfaceOrientationPortrait UIInterfaceOrientationPortraitUpsideDown UIInterfaceOrientationLandscapeLeft UIInterfaceOrientationLandscapeRight";
				INFOPLIST_KEY_UISupportedInterfaceOrientations_iPhone = "UIInterfaceOrientationPortrait UIInterfaceOrientationLandscapeLeft UIInterfaceOrientationLandscapeRight";
				LD_RUNPATH_SEARCH_PATHS = (
					"$(inherited)",
					"@executable_path/Frameworks",
				);
				MARKETING_VERSION = 1.0;
				PRODUCT_BUNDLE_IDENTIFIER = com.flowtico.Today;
				PRODUCT_NAME = "$(TARGET_NAME)";
				SWIFT_EMIT_LOC_STRINGS = YES;
				SWIFT_VERSION = 5.0;
				TARGETED_DEVICE_FAMILY = "1,2";
			};
			name = Debug;
		};
		3D00B6DE29B6AD2C00759E87 /* Release */ = {
			isa = XCBuildConfiguration;
			buildSettings = {
				ASSETCATALOG_COMPILER_APPICON_NAME = AppIcon;
				ASSETCATALOG_COMPILER_GLOBAL_ACCENT_COLOR_NAME = AccentColor;
				CODE_SIGN_STYLE = Automatic;
				CURRENT_PROJECT_VERSION = 1;
				DEVELOPMENT_TEAM = A67CZ53MV4;
				GENERATE_INFOPLIST_FILE = YES;
				INFOPLIST_FILE = Today/Info.plist;
				INFOPLIST_KEY_NSRemindersUsageDescription = "Your reminders can help you stay on track.";
				INFOPLIST_KEY_UIApplicationSupportsIndirectInputEvents = YES;
				INFOPLIST_KEY_UILaunchStoryboardName = LaunchScreen;
				INFOPLIST_KEY_UIMainStoryboardFile = Main;
				INFOPLIST_KEY_UISupportedInterfaceOrientations_iPad = "UIInterfaceOrientationPortrait UIInterfaceOrientationPortraitUpsideDown UIInterfaceOrientationLandscapeLeft UIInterfaceOrientationLandscapeRight";
				INFOPLIST_KEY_UISupportedInterfaceOrientations_iPhone = "UIInterfaceOrientationPortrait UIInterfaceOrientationLandscapeLeft UIInterfaceOrientationLandscapeRight";
				LD_RUNPATH_SEARCH_PATHS = (
					"$(inherited)",
					"@executable_path/Frameworks",
				);
				MARKETING_VERSION = 1.0;
				PRODUCT_BUNDLE_IDENTIFIER = com.flowtico.Today;
				PRODUCT_NAME = "$(TARGET_NAME)";
				SWIFT_EMIT_LOC_STRINGS = YES;
				SWIFT_VERSION = 5.0;
				TARGETED_DEVICE_FAMILY = "1,2";
			};
			name = Release;
		};
/* End XCBuildConfiguration section */

/* Begin XCConfigurationList section */
		3D00B6C329B6AD2B00759E87 /* Build configuration list for PBXProject "Today" */ = {
			isa = XCConfigurationList;
			buildConfigurations = (
				3D00B6DA29B6AD2C00759E87 /* Debug */,
				3D00B6DB29B6AD2C00759E87 /* Release */,
			);
			defaultConfigurationIsVisible = 0;
			defaultConfigurationName = Release;
		};
		3D00B6DC29B6AD2C00759E87 /* Build configuration list for PBXNativeTarget "Today" */ = {
			isa = XCConfigurationList;
			buildConfigurations = (
				3D00B6DD29B6AD2C00759E87 /* Debug */,
				3D00B6DE29B6AD2C00759E87 /* Release */,
			);
			defaultConfigurationIsVisible = 0;
			defaultConfigurationName = Release;
		};
/* End XCConfigurationList section */
	};
	rootObject = 3D00B6C029B6AD2B00759E87 /* Project object */;
}
